
Microsoft Visual Studio Solution File, Format Version 12.00
# Visual Studio Version 17
VisualStudioVersion = 17.11.35327.3
MinimumVisualStudioVersion = 10.0.40219.1
Project("{FAE04EC0-301F-11D3-BF4B-00C04F79EFBC}") = "Lab02_Controller", "Lab02_Controller\Lab02_Controller.csproj", "{45D3E605-65D6-4540-AAE3-30BB15F133E4}"
EndProject
Global
	GlobalSection(SolutionConfigurationPlatforms) = preSolution
		Debug|Any CPU = Debug|Any CPU
		Release|Any CPU = Release|Any CPU
	EndGlobalSection
	GlobalSection(ProjectConfigurationPlatforms) = postSolution
		{45D3E605-65D6-4540-AAE3-30BB15F133E4}.Debug|Any CPU.ActiveCfg = Debug|Any CPU
		{45D3E605-65D6-4540-AAE3-30BB15F133E4}.Debug|Any CPU.Build.0 = Debug|Any CPU
		{45D3E605-65D6-4540-AAE3-30BB15F133E4}.Release|Any CPU.ActiveCfg = Release|Any CPU
		{45D3E605-65D6-4540-AAE3-30BB15F133E4}.Release|Any CPU.Build.0 = Release|Any CPU
	EndGlobalSection
	GlobalSection(SolutionProperties) = preSolution
		HideSolutionNode = FALSE
	EndGlobalSection
	GlobalSection(ExtensibilityGlobals) = postSolution
		SolutionGuid = {26635E3B-074E-49CF-AA8F-062A5DA2F840}
	EndGlobalSection
EndGlobal
